{
    "_meta": {
        "hash": {
            "sha256": "489c70d72b570d50b4ccf46a784ca4a914fbbf7d8a7c86b56e00d9b717b04ea3"
        },
        "pipfile-spec": 6,
        "requires": {
            "python_version": "3.7"
        },
        "sources": [
            {
                "name": "pypi",
                "url": "https://pypi.org/simple",
                "verify_ssl": true
            }
        ]
    },
    "default": {
        "grpcio": {
            "hashes": [
                "sha256:0698c094688a2dd4c7c2f2c0e3e142cac439a64d1cef6904c97f6cde38ba422f",
                "sha256:104a2210edd3776c38448b4f76c2f16e527adafbde171fc72a8a32976c20abc7",
                "sha256:14817de09317dd7d3fbc8272864288320739973ef0f4b56bf2c0032349da8cdf",
                "sha256:1948539ce78805d4e6256ab0e048ec793956d54787dc9d6777df71c1d19c7f81",
                "sha256:19caa5b7282a89b799e63776ff602bb39604f7ca98db6df27e2de06756ae86c3",
                "sha256:1b172e6d497191940c4b8d75b53de82dc252e15b61de2951d577ec5b43316b29",
                "sha256:1c734a2d4843e4e14ececf5600c3c4750990ec319e1299db7e4f0d02c25c1467",
                "sha256:2a912397eb8d23c177d6d64e3c8bc46b8a1c7680b090d9f13a640b104aaec77c",
                "sha256:2eddaae8af625e45b5c8500dcca1043264d751a6872cde2eda5022df8a336959",
                "sha256:55930c56b8f5b347d6c8c609cc341949a97e176c90f5cbb01d148d778f3bbd23",
                "sha256:658ffe1e39171be00490db5bd3b966f79634ac4215a1eb9a85c6cd6783bf7f6e",
                "sha256:6601d812105583948ab9c6e403a7e2dba6e387cc678c010e74f2d6d589d1d1b3",
                "sha256:6b6d60b0958be711bab047e9f4df5dbbc40367955f8651232bfdcdd21450b9ab",
                "sha256:6beb84f83360ff29a3654f43f251ec11b809dcb5524b698d711550243debd289",
                "sha256:752d2949b40e12e6ad3ed8cc552a65b54d226504f6b1fb67cab2ccee502cc06f",
                "sha256:7dc8584ca6c015ad82e186e82f4c0fe977394588f66b8ecfc4ec873285314619",
                "sha256:82434ba3a5935e47908bc861ce1ebc43c2edfc1001d235d6e31e5d3ed55815f7",
                "sha256:8270d1dc2c98ab57e6dbf36fa187db8df4c036f04a398e5d5e25b4e01a766d70",
                "sha256:8a48fd3a7222be226bb86b7b413ad248f17f3101a524018cdc4562eeae1eb2a3",
                "sha256:95952d3fe795b06af29bb8ec7bbf3342cdd867fc17b77cc25e6733d23fa6c519",
                "sha256:976a7f24eb213e8429cab78d5e120500dfcdeb01041f1f5a77b17b9101902615",
                "sha256:9c84a481451e7174f3a764a44150f93b041ab51045aa33d7b5b68b6979114e48",
                "sha256:a34d6e905f071f9b945cabbcc776e2055de1fdb59cd13683d9aa0a8f265b5bf9",
                "sha256:a4952899b4931a6ba12951f9a141ef3e74ff8a6ec9aa2dc602afa40f63595e33",
                "sha256:a96c3c7f564b263c5d7c0e49a337166c8611e89c4c919f66dba7b9a84abad137",
                "sha256:aef7d30242409c3aa5839b501e877e453a2c8d3759ca8230dd5a21cda029f046",
                "sha256:b5bd026ac928c96cc23149e6ef79183125542062eb6d1ccec34c0a37e02255e7",
                "sha256:b6a2ead3de3b2d53119d473aa2f224030257ef33af1e4ddabd4afee1dea5f04c",
                "sha256:ba074af9ca268ad7b05d3fc2b920b5fb3c083da94ab63637aaf67f4f71ecb755",
                "sha256:c5fb6f3d7824696c1c9f2ad36ddb080ba5a86f2d929ef712d511b4d9972d3d27",
                "sha256:c705e0c21acb0e8478a00e7e773ad0ecdb34bd0e4adc282d3d2f51ba3961aac7",
                "sha256:c7ad9fbedb93f331c2e9054e202e95cf825b885811f1bcbbdfdc301e451442db",
                "sha256:da95778d37be8e4e9afca771a83424f892296f5dfb2a100eda2571a1d8bbc0dc",
                "sha256:dad5b302a4c21c604d88a5d441973f320134e6ff6a84ecef9c1139e5ffd466f6",
                "sha256:dbc1ba968639c1d23476f75c356e549e7bbf2d8d6688717dcab5290e88e8482b",
                "sha256:ddb2511fbbb440ed9e5c9a4b9b870f2ed649b7715859fd6f2ebc585ee85c0364",
                "sha256:df9ba1183b3f649210788cf80c239041dddcb375d6142d8bccafcfdf549522cd",
                "sha256:e4f513d63df6336fd84b74b701f17d1bb3b64e9d78a6ed5b5e8a198bbbe8bbfa",
                "sha256:e6f90698b5d1c5dd7b3236cd1fa959d7b80e17923f918d5be020b65f1c78b173",
                "sha256:eaf8e3b97caaf9415227a3c6ca5aa8d800fecadd526538d2bf8f11af783f1550",
                "sha256:ee81349411648d1abc94095c68cd25e3c2812e4e0367f9a9355be1e804a5135c",
                "sha256:f144a790f14c51b8a8e591eb5af40507ffee45ea6b818c2482f0457fec2e1a2e",
                "sha256:f3e837d29f0e1b9d6e7b29d569e2e9b0da61889e41879832ea15569c251c303a",
                "sha256:fa8eaac75d3107e3f5465f2c9e3bbd13db21790c6e45b7de1756eba16b050aca",
                "sha256:fdc6191587de410a184550d4143e2b24a14df495c86ca15e59508710681690ac"
            ],
            "index": "pypi",
            "version": "==1.53.0"
        },
        "grpcio-tools": {
            "hashes": [
                "sha256:0a849994d7d6411ca6147bb1db042b61ba6232eb5c90c69de5380a441bf80a75",
                "sha256:0db96ed52816471ceec8807aedf5cb4fd133ca201f614464cb46ca58584edf84",
                "sha256:1b98720459204e9afa33928e4fd53aeec6598afb7f704ed497f6926c67f12b9b",
                "sha256:200479310cc083c41a5020f6e5e916a99ee0f7c588b6affe317b96a839120bf4",
                "sha256:25543b8f2e59ddcc9929d6f6111faa5c474b21580d2996f93347bb55f2ecba84",
                "sha256:2d4609996616114c155c1e697a9faf604d81f2508cd9a4168a0bafd53c799e24",
                "sha256:2fdb2a1ed2b3e43514d9c29c9de415c953a46caabbc8a9b7de1439a0c1bd3b89",
                "sha256:3886a7983d8ae19df0c11a54114d6546fcdf76cf18cdccf25c3b14200fd5478a",
                "sha256:408d111b9341f107bdafc523e2345471547ffe8a4104e6f2ce690b7a25c4bae5",
                "sha256:60b3dd5e76c1389fc836bf83675985b92d158ff9a8d3d6d3f0a670f0c227ef13",
                "sha256:629be7ce8504530b4adbf0425a44dd53007ccb6212344804294888c9662cc38f",
                "sha256:6af3dde07b1051e954230e650a6ef74073cf993cf473c2078580f8a73c4fe46a",
                "sha256:7a1e77539d28e90517c55561f40f7872f1348d0e23f25a38d68abbfb5b0eff88",
                "sha256:87917a18b3b5951b6c9badd7b5ef09f63f61611966b58427b856bdf5c1d68e91",
                "sha256:8823d0ebd185a77edb506e286c88d06847f75620a033ad96ef9c0fd7efc1d859",
                "sha256:8bd3e12e1969beb813b861a2a65d4f2d4faaa87de0b60bf7f848da2d8ffc4eb2",
                "sha256:8f37e9acc46e75ed9786ece89afeacd86182893eacc3f0642d81531b90fbe25f",
                "sha256:9b358dd2f4142e89d760a52a7a8f4ec5dbaf955e7ada09f703f3a5d05dddd12e",
                "sha256:9cb43007c4a8aa7adaacf896f5109b578028f23d259615e3fa5866e38855b311",
                "sha256:9cf594bfbfbf84dcd462b20a4a753362be7ed376d2b5020a083dac24400b7b6c",
                "sha256:ab79940e5c5ed949e1f95e7f417dd916b0992d29f45d073dd64501a76d128e2c",
                "sha256:ba8aab6c78a82755477bb8c79f3be0824b297422d1edb21b94ae5a45407bf3ba",
                "sha256:bcc00b83bf39f6e60a13f0b24ec3951f4d2ae810b01e6e125b7ff238a85da1ac",
                "sha256:c1fcf5cbe6a2ecdc587b469156520b9128ccdb7c5908060c7d9712cd97e76db5",
                "sha256:c6e640d39b9615388b59036b29970292b15f4519043e43833e28c674f740d1f7",
                "sha256:c6ea2c385da620049b17f0135cf9307a4750e9d9c9988e15bfeeaf1f209c4ada",
                "sha256:cec4f37120f93fe2ab4ab9a7eab9a877163d74c232c93a275a624971f8557b81",
                "sha256:d2dbb42d237bcdecb7284535ec074c85bbf880124c1cbbff362ed3bd81ed7d41",
                "sha256:d5c98a41abd4f7de43b256c21bbba2a97c57e25bf6a170927a90638b18f7509c",
                "sha256:dcf5965a24179aa7dcfa00b5ff70f4f2f202e663657e0c74a642307beecda053",
                "sha256:e11e3aacf0200d6e00a9b74534e0174738768fe1c41e5aa2f4aab881d6b43afd",
                "sha256:e550816bdb2e49bba94bcd7f342004a8adbc46e9a25c8c4ed3fd58f2435c655f"
            ],
            "index": "pypi",
            "version": "==1.24.1"
        },
        "protobuf": {
            "hashes": [
                "sha256:0149053336a466e3e0b040e54d0b615fc71de86da66791c592cc3c8d18150bf8",
                "sha256:08fe19d267608d438aa37019236db02b306e33f6b9902c3163838b8e75970223",
                "sha256:29660574cd769f2324a57fb78127cda59327eb6664381ecfe1c69731b83e8288",
                "sha256:2991f5e7690dab569f8f81702e6700e7364cc3b5e572725098215d3da5ccc6ac",
                "sha256:3b01a5274ac920feb75d0b372d901524f7e3ad39c63b1a2d55043f3887afe0c1",
                "sha256:3bcbeb2bf4bb61fe960dd6e005801a23a43578200ea8ceb726d1f6bd0e562ba1",
                "sha256:447b9786ac8e50ae72cae7a2eec5c5df6a9dbf9aa6f908f1b8bda6032644ea62",
                "sha256:514b6bbd54a41ca50c86dd5ad6488afe9505901b3557c5e0f7823a0cf67106fb",
                "sha256:5cb9e41188737f321f4fce9a4337bf40a5414b8d03227e1d9fbc59bc3a216e35",
                "sha256:7a92beb30600332a52cdadbedb40d33fd7c8a0d7f549c440347bc606fb3fe34b",
                "sha256:84ea0bd90c2fdd70ddd9f3d3fc0197cc24ecec1345856c2b5ba70e4d99815359",
                "sha256:aca6e86a08c5c5962f55eac9b5bd6fce6ed98645d77e8bfc2b952ecd4a8e4f6a",
                "sha256:cc14358a8742c4e06b1bfe4be1afbdf5c9f6bd094dff3e14edb78a1513893ff5"
            ],
            "markers": "python_version >= '3.7'",
            "version": "==4.23.3"
        }
    },
    "develop": {}
}
